// !$*UTF8*$!
{
	archiveVersion = 1;
	classes = {
	};
	objectVersion = 56;
	objects = {

/* Begin PBXBuildFile section */
		993DD6DC2964AB2E00F48440 /* main.cxx in Sources */ = {isa = PBXBuildFile; fileRef = 993DD6D52964AB2E00F48440 /* main.cxx */; };
		993DD6DD2964AB2E00F48440 /* mkk_window.cxx in Sources */ = {isa = PBXBuildFile; fileRef = 993DD6D62964AB2E00F48440 /* mkk_window.cxx */; };
		993DD6DE2964AB2E00F48440 /* first_app.cxx in Sources */ = {isa = PBXBuildFile; fileRef = 993DD6DA2964AB2E00F48440 /* first_app.cxx */; };
		993DD6F52964AD7B00F48440 /* libGLEW.2.2.0.dylib in Frameworks */ = {isa = PBXBuildFile; fileRef = 993DD6F42964AD7B00F48440 /* libGLEW.2.2.0.dylib */; };
		993DD6F72964AD9100F48440 /* libglfw.3.3.dylib in Frameworks */ = {isa = PBXBuildFile; fileRef = 993DD6F62964AD9100F48440 /* libglfw.3.3.dylib */; };
		993DD6F92964ADA000F48440 /* libvulkan.1.3.236.dylib in Frameworks */ = {isa = PBXBuildFile; fileRef = 993DD6F82964ADA000F48440 /* libvulkan.1.3.236.dylib */; };
/* End PBXBuildFile section */

/* Begin PBXFileReference section */
		993DD6CA2964AAFE00F48440 /* vulkan-learn-cpp */ = {isa = PBXFileReference; explicitFileType = "compiled.mach-o.executable"; includeInIndex = 0; path = "vulkan-learn-cpp"; sourceTree = BUILT_PRODUCTS_DIR; };
		993DD6D52964AB2E00F48440 /* main.cxx */ = {isa = PBXFileReference; fileEncoding = 4; lastKnownFileType = sourcecode.cpp.cpp; path = main.cxx; sourceTree = "<group>"; };
		993DD6D62964AB2E00F48440 /* mkk_window.cxx */ = {isa = PBXFileReference; fileEncoding = 4; lastKnownFileType = sourcecode.cpp.cpp; path = mkk_window.cxx; sourceTree = "<group>"; };
		993DD6D82964AB2E00F48440 /* mkk_window.hpp */ = {isa = PBXFileReference; fileEncoding = 4; lastKnownFileType = sourcecode.cpp.h; path = mkk_window.hpp; sourceTree = "<group>"; };
		993DD6D92964AB2E00F48440 /* first_app.hpp */ = {isa = PBXFileReference; fileEncoding = 4; lastKnownFileType = sourcecode.cpp.h; path = first_app.hpp; sourceTree = "<group>"; };
		993DD6DA2964AB2E00F48440 /* first_app.cxx */ = {isa = PBXFileReference; fileEncoding = 4; lastKnownFileType = sourcecode.cpp.cpp; path = first_app.cxx; sourceTree = "<group>"; };
		993DD6DB2964AB2E00F48440 /* README.md */ = {isa = PBXFileReference; fileEncoding = 4; lastKnownFileType = net.daringfireball.markdown; path = README.md; sourceTree = "<group>"; };
		993DD6F42964AD7B00F48440 /* libGLEW.2.2.0.dylib */ = {isa = PBXFileReference; lastKnownFileType = "compiled.mach-o.dylib"; name = libGLEW.2.2.0.dylib; path = ../../../../../../opt/homebrew/Cellar/glew/2.2.0_1/lib/libGLEW.2.2.0.dylib; sourceTree = "<group>"; };
		993DD6F62964AD9100F48440 /* libglfw.3.3.dylib */ = {isa = PBXFileReference; lastKnownFileType = "compiled.mach-o.dylib"; name = libglfw.3.3.dylib; path = ../../../../../../opt/homebrew/Cellar/glfw/3.3.8/lib/libglfw.3.3.dylib; sourceTree = "<group>"; };
		993DD6F82964ADA000F48440 /* libvulkan.1.3.236.dylib */ = {isa = PBXFileReference; lastKnownFileType = "compiled.mach-o.dylib"; name = libvulkan.1.3.236.dylib; path = ../../../../../../usr/local/lib/libvulkan.1.3.236.dylib; sourceTree = "<group>"; };
/* End PBXFileReference section */

/* Begin PBXFrameworksBuildPhase section */
		993DD6C72964AAFE00F48440 /* Frameworks */ = {
			isa = PBXFrameworksBuildPhase;
			buildActionMask = 2147483647;
			files = (
				993DD6F92964ADA000F48440 /* libvulkan.1.3.236.dylib in Frameworks */,
				993DD6F72964AD9100F48440 /* libglfw.3.3.dylib in Frameworks */,
				993DD6F52964AD7B00F48440 /* libGLEW.2.2.0.dylib in Frameworks */,
			);
			runOnlyForDeploymentPostprocessing = 0;
		};
/* End PBXFrameworksBuildPhase section */

/* Begin PBXGroup section */
		993DD6C12964AAFE00F48440 = {
			isa = PBXGroup;
			children = (
				993DD6DB2964AB2E00F48440 /* README.md */,
				993DD6D42964AB2E00F48440 /* src */,
				993DD6CB2964AAFE00F48440 /* Products */,
				993DD6F32964AD7B00F48440 /* Frameworks */,
			);
			sourceTree = "<group>";
		};
		993DD6CB2964AAFE00F48440 /* Products */ = {
			isa = PBXGroup;
			children = (
				993DD6CA2964AAFE00F48440 /* vulkan-learn-cpp */,
			);
			name = Products;
			sourceTree = "<group>";
		};
		993DD6D42964AB2E00F48440 /* src */ = {
			isa = PBXGroup;
			children = (
				993DD6D52964AB2E00F48440 /* main.cxx */,
				993DD6D62964AB2E00F48440 /* mkk_window.cxx */,
				993DD6D72964AB2E00F48440 /* include */,
				993DD6DA2964AB2E00F48440 /* first_app.cxx */,
			);
			path = src;
			sourceTree = "<group>";
		};
		993DD6D72964AB2E00F48440 /* include */ = {
			isa = PBXGroup;
			children = (
				993DD6D82964AB2E00F48440 /* mkk_window.hpp */,
				993DD6D92964AB2E00F48440 /* first_app.hpp */,
			);
			path = include;
			sourceTree = "<group>";
		};
		993DD6F32964AD7B00F48440 /* Frameworks */ = {
			isa = PBXGroup;
			children = (
				993DD6F82964ADA000F48440 /* libvulkan.1.3.236.dylib */,
				993DD6F62964AD9100F48440 /* libglfw.3.3.dylib */,
				993DD6F42964AD7B00F48440 /* libGLEW.2.2.0.dylib */,
			);
			name = Frameworks;
			sourceTree = "<group>";
		};
/* End PBXGroup section */

/* Begin PBXNativeTarget section */
		993DD6C92964AAFE00F48440 /* vulkan-learn-cpp */ = {
			isa = PBXNativeTarget;
			buildConfigurationList = 993DD6D12964AAFE00F48440 /* Build configuration list for PBXNativeTarget "vulkan-learn-cpp" */;
			buildPhases = (
				993DD6C62964AAFE00F48440 /* Sources */,
				993DD6C72964AAFE00F48440 /* Frameworks */,
			);
			buildRules = (
			);
			dependencies = (
			);
			name = "vulkan-learn-cpp";
			productName = "vulkan-learn-cpp";
			productReference = 993DD6CA2964AAFE00F48440 /* vulkan-learn-cpp */;
			productType = "com.apple.product-type.tool";
		};
/* End PBXNativeTarget section */

/* Begin PBXProject section */
		993DD6C22964AAFE00F48440 /* Project object */ = {
			isa = PBXProject;
			attributes = {
				BuildIndependentTargetsInParallel = 1;
				LastUpgradeCheck = 1420;
				TargetAttributes = {
					993DD6C92964AAFE00F48440 = {
						CreatedOnToolsVersion = 14.2;
					};
				};
			};
			buildConfigurationList = 993DD6C52964AAFE00F48440 /* Build configuration list for PBXProject "vulkan-learn-cpp" */;
			compatibilityVersion = "Xcode 14.0";
			developmentRegion = en;
			hasScannedForEncodings = 0;
			knownRegions = (
				en,
				Base,
			);
			mainGroup = 993DD6C12964AAFE00F48440;
			productRefGroup = 993DD6CB2964AAFE00F48440 /* Products */;
			projectDirPath = "";
			projectRoot = "";
			targets = (
				993DD6C92964AAFE00F48440 /* vulkan-learn-cpp */,
			);
		};
/* End PBXProject section */

/* Begin PBXSourcesBuildPhase section */
		993DD6C62964AAFE00F48440 /* Sources */ = {
			isa = PBXSourcesBuildPhase;
			buildActionMask = 2147483647;
			files = (
				993DD6DE2964AB2E00F48440 /* first_app.cxx in Sources */,
				993DD6DC2964AB2E00F48440 /* main.cxx in Sources */,
				993DD6DD2964AB2E00F48440 /* mkk_window.cxx in Sources */,
			);
			runOnlyForDeploymentPostprocessing = 0;
		};
/* End PBXSourcesBuildPhase section */

/* Begin XCBuildConfiguration section */
		993DD6CF2964AAFE00F48440 /* Debug */ = {
			isa = XCBuildConfiguration;
			buildSettings = {
				ALWAYS_SEARCH_USER_PATHS = NO;
				CLANG_ANALYZER_NONNULL = YES;
				CLANG_ANALYZER_NUMBER_OBJECT_CONVERSION = YES_AGGRESSIVE;
				CLANG_CXX_LANGUAGE_STANDARD = "gnu++20";
				CLANG_ENABLE_MODULES = YES;
				CLANG_ENABLE_OBJC_ARC = YES;
				CLANG_ENABLE_OBJC_WEAK = YES;
				CLANG_WARN_BLOCK_CAPTURE_AUTORELEASING = YES;
				CLANG_WARN_BOOL_CONVERSION = YES;
				CLANG_WARN_COMMA = YES;
				CLANG_WARN_CONSTANT_CONVERSION = YES;
				CLANG_WARN_DEPRECATED_OBJC_IMPLEMENTATIONS = YES;
				CLANG_WARN_DIRECT_OBJC_ISA_USAGE = YES_ERROR;
				CLANG_WARN_DOCUMENTATION_COMMENTS = YES;
				CLANG_WARN_EMPTY_BODY = YES;
				CLANG_WARN_ENUM_CONVERSION = YES;
				CLANG_WARN_INFINITE_RECURSION = YES;
				CLANG_WARN_INT_CONVERSION = YES;
				CLANG_WARN_NON_LITERAL_NULL_CONVERSION = YES;
				CLANG_WARN_OBJC_IMPLICIT_RETAIN_SELF = YES;
				CLANG_WARN_OBJC_LITERAL_CONVERSION = YES;
				CLANG_WARN_OBJC_ROOT_CLASS = YES_ERROR;
				CLANG_WARN_QUOTED_INCLUDE_IN_FRAMEWORK_HEADER = YES;
				CLANG_WARN_RANGE_LOOP_ANALYSIS = YES;
				CLANG_WARN_STRICT_PROTOTYPES = YES;
				CLANG_WARN_SUSPICIOUS_MOVE = YES;
				CLANG_WARN_UNGUARDED_AVAILABILITY = YES_AGGRESSIVE;
				CLANG_WARN_UNREACHABLE_CODE = YES;
				CLANG_WARN__DUPLICATE_METHOD_MATCH = YES;
				COPY_PHASE_STRIP = NO;
				DEBUG_INFORMATION_FORMAT = dwarf;
				ENABLE_STRICT_OBJC_MSGSEND = YES;
				ENABLE_TESTABILITY = YES;
				GCC_C_LANGUAGE_STANDARD = gnu11;
				GCC_DYNAMIC_NO_PIC = NO;
				GCC_NO_COMMON_BLOCKS = YES;
				GCC_OPTIMIZATION_LEVEL = 0;
				GCC_PREPROCESSOR_DEFINITIONS = (
					"DEBUG=1",
					"$(inherited)",
				);
				GCC_WARN_64_TO_32_BIT_CONVERSION = YES;
				GCC_WARN_ABOUT_RETURN_TYPE = YES_ERROR;
				GCC_WARN_UNDECLARED_SELECTOR = YES;
				GCC_WARN_UNINITIALIZED_AUTOS = YES_AGGRESSIVE;
				GCC_WARN_UNUSED_FUNCTION = YES;
				GCC_WARN_UNUSED_VARIABLE = YES;
				MACOSX_DEPLOYMENT_TARGET = 13.1;
				MTL_ENABLE_DEBUG_INFO = INCLUDE_SOURCE;
				MTL_FAST_MATH = YES;
				ONLY_ACTIVE_ARCH = YES;
				SDKROOT = macosx;
			};
			name = Debug;
		};
		993DD6D02964AAFE00F48440 /* Release */ = {
			isa = XCBuildConfiguration;
			buildSettings = {
				ALWAYS_SEARCH_USER_PATHS = NO;
				CLANG_ANALYZER_NONNULL = YES;
				CLANG_ANALYZER_NUMBER_OBJECT_CONVERSION = YES_AGGRESSIVE;
				CLANG_CXX_LANGUAGE_STANDARD = "gnu++20";
				CLANG_ENABLE_MODULES = YES;
				CLANG_ENABLE_OBJC_ARC = YES;
				CLANG_ENABLE_OBJC_WEAK = YES;
				CLANG_WARN_BLOCK_CAPTURE_AUTORELEASING = YES;
				CLANG_WARN_BOOL_CONVERSION = YES;
				CLANG_WARN_COMMA = YES;
				CLANG_WARN_CONSTANT_CONVERSION = YES;
				CLANG_WARN_DEPRECATED_OBJC_IMPLEMENTATIONS = YES;
				CLANG_WARN_DIRECT_OBJC_ISA_USAGE = YES_ERROR;
				CLANG_WARN_DOCUMENTATION_COMMENTS = YES;
				CLANG_WARN_EMPTY_BODY = YES;
				CLANG_WARN_ENUM_CONVERSION = YES;
				CLANG_WARN_INFINITE_RECURSION = YES;
				CLANG_WARN_INT_CONVERSION = YES;
				CLANG_WARN_NON_LITERAL_NULL_CONVERSION = YES;
				CLANG_WARN_OBJC_IMPLICIT_RETAIN_SELF = YES;
				CLANG_WARN_OBJC_LITERAL_CONVERSION = YES;
				CLANG_WARN_OBJC_ROOT_CLASS = YES_ERROR;
				CLANG_WARN_QUOTED_INCLUDE_IN_FRAMEWORK_HEADER = YES;
				CLANG_WARN_RANGE_LOOP_ANALYSIS = YES;
				CLANG_WARN_STRICT_PROTOTYPES = YES;
				CLANG_WARN_SUSPICIOUS_MOVE = YES;
				CLANG_WARN_UNGUARDED_AVAILABILITY = YES_AGGRESSIVE;
				CLANG_WARN_UNREACHABLE_CODE = YES;
				CLANG_WARN__DUPLICATE_METHOD_MATCH = YES;
				COPY_PHASE_STRIP = NO;
				DEBUG_INFORMATION_FORMAT = "dwarf-with-dsym";
				ENABLE_NS_ASSERTIONS = NO;
				ENABLE_STRICT_OBJC_MSGSEND = YES;
				GCC_C_LANGUAGE_STANDARD = gnu11;
				GCC_NO_COMMON_BLOCKS = YES;
				GCC_WARN_64_TO_32_BIT_CONVERSION = YES;
				GCC_WARN_ABOUT_RETURN_TYPE = YES_ERROR;
				GCC_WARN_UNDECLARED_SELECTOR = YES;
				GCC_WARN_UNINITIALIZED_AUTOS = YES_AGGRESSIVE;
				GCC_WARN_UNUSED_FUNCTION = YES;
				GCC_WARN_UNUSED_VARIABLE = YES;
				MACOSX_DEPLOYMENT_TARGET = 13.1;
				MTL_ENABLE_DEBUG_INFO = NO;
				MTL_FAST_MATH = YES;
				SDKROOT = macosx;
			};
			name = Release;
		};
		993DD6D22964AAFE00F48440 /* Debug */ = {
			isa = XCBuildConfiguration;
			buildSettings = {
				CODE_SIGN_STYLE = Automatic;
				HEADER_SEARCH_PATHS = (
					/opt/homebrew/include,
					/usr/local/include,
					src/include,
				);
				LIBRARY_SEARCH_PATHS = (
					"$(inherited)",
					/opt/homebrew/Cellar/glfw/3.3.8/lib,
					/opt/homebrew/Cellar/glew/2.2.0_1/lib,
					/usr/local/lib,
				);
				PRODUCT_NAME = "$(TARGET_NAME)";
			};
			name = Debug;
		};
		993DD6D32964AAFE00F48440 /* Release */ = {
			isa = XCBuildConfiguration;
			buildSettings = {
				CODE_SIGN_STYLE = Automatic;
				HEADER_SEARCH_PATHS = (
					/opt/homebrew/include,
					/usr/local/include,
					src/include,
				);
				LIBRARY_SEARCH_PATHS = (
					"$(inherited)",
					/opt/homebrew/Cellar/glfw/3.3.8/lib,
					/opt/homebrew/Cellar/glew/2.2.0_1/lib,
					/usr/local/lib,
				);
				PRODUCT_NAME = "$(TARGET_NAME)";
			};
			name = Release;
		};
/* End XCBuildConfiguration section */

/* Begin XCConfigurationList section */
		993DD6C52964AAFE00F48440 /* Build configuration list for PBXProject "vulkan-learn-cpp" */ = {
			isa = XCConfigurationList;
			buildConfigurations = (
				993DD6CF2964AAFE00F48440 /* Debug */,
				993DD6D02964AAFE00F48440 /* Release */,
			);
			defaultConfigurationIsVisible = 0;
			defaultConfigurationName = Release;
		};
		993DD6D12964AAFE00F48440 /* Build configuration list for PBXNativeTarget "vulkan-learn-cpp" */ = {
			isa = XCConfigurationList;
			buildConfigurations = (
				993DD6D22964AAFE00F48440 /* Debug */,
				993DD6D32964AAFE00F48440 /* Release */,
			);
			defaultConfigurationIsVisible = 0;
			defaultConfigurationName = Release;
		};
/* End XCConfigurationList section */
	};
	rootObject = 993DD6C22964AAFE00F48440 /* Project object */;
}
